
Microsoft Visual Studio Solution File, Format Version 12.00
# Visual Studio 15
VisualStudioVersion = 15.0.28010.2036
MinimumVisualStudioVersion = 10.0.40219.1
Project("{9A19103F-16F7-4668-BE54-9A1E7A4F7556}") = "FC_EMDB.Entities", "FC_EMDB\FC_EMDB.Entities.csproj", "{7334FAA7-5B5F-4688-A876-C20F5EBA6394}"
EndProject
Project("{9A19103F-16F7-4668-BE54-9A1E7A4F7556}") = "ServerApp", "ServerApp\ServerApp.csproj", "{E7C6C39A-32A1-47BE-B67C-4E9E5C419FA2}"
EndProject
Project("{9A19103F-16F7-4668-BE54-9A1E7A4F7556}") = "FC_EMDB.Database", "FC_EMDB.Database\FC_EMDB.Database.csproj", "{C94D8904-6077-4289-B778-F2C3813D7D66}"
EndProject
Project("{9A19103F-16F7-4668-BE54-9A1E7A4F7556}") = "FC_EMDB.Migrations", "FC_EMDB.Migrations\FC_EMDB.Migrations.csproj", "{BDBF6C88-4C6C-4F79-A1C8-EDA7AF92FF90}"
EndProject
Project("{9A19103F-16F7-4668-BE54-9A1E7A4F7556}") = "JsonConverters", "JsonConverters\JsonConverters.csproj", "{E9531BC1-5205-49AA-A2C8-3EC4F7593574}"
EndProject
Project("{FAE04EC0-301F-11D3-BF4B-00C04F79EFBC}") = "NotificationsTest", "NotificationsTest\NotificationsTest.csproj", "{8CBF0A10-88A0-4074-B194-743A7BD72E0A}"
EndProject
Global
	GlobalSection(SolutionConfigurationPlatforms) = preSolution
		Debug|Any CPU = Debug|Any CPU
		Release|Any CPU = Release|Any CPU
	EndGlobalSection
	GlobalSection(ProjectConfigurationPlatforms) = postSolution
		{7334FAA7-5B5F-4688-A876-C20F5EBA6394}.Debug|Any CPU.ActiveCfg = Debug|Any CPU
		{7334FAA7-5B5F-4688-A876-C20F5EBA6394}.Debug|Any CPU.Build.0 = Debug|Any CPU
		{7334FAA7-5B5F-4688-A876-C20F5EBA6394}.Release|Any CPU.ActiveCfg = Release|Any CPU
		{7334FAA7-5B5F-4688-A876-C20F5EBA6394}.Release|Any CPU.Build.0 = Release|Any CPU
		{E7C6C39A-32A1-47BE-B67C-4E9E5C419FA2}.Debug|Any CPU.ActiveCfg = Debug|Any CPU
		{E7C6C39A-32A1-47BE-B67C-4E9E5C419FA2}.Debug|Any CPU.Build.0 = Debug|Any CPU
		{E7C6C39A-32A1-47BE-B67C-4E9E5C419FA2}.Release|Any CPU.ActiveCfg = Release|Any CPU
		{E7C6C39A-32A1-47BE-B67C-4E9E5C419FA2}.Release|Any CPU.Build.0 = Release|Any CPU
		{C94D8904-6077-4289-B778-F2C3813D7D66}.Debug|Any CPU.ActiveCfg = Debug|Any CPU
		{C94D8904-6077-4289-B778-F2C3813D7D66}.Debug|Any CPU.Build.0 = Debug|Any CPU
		{C94D8904-6077-4289-B778-F2C3813D7D66}.Release|Any CPU.ActiveCfg = Release|Any CPU
		{C94D8904-6077-4289-B778-F2C3813D7D66}.Release|Any CPU.Build.0 = Release|Any CPU
		{BDBF6C88-4C6C-4F79-A1C8-EDA7AF92FF90}.Debug|Any CPU.ActiveCfg = Debug|Any CPU
		{BDBF6C88-4C6C-4F79-A1C8-EDA7AF92FF90}.Debug|Any CPU.Build.0 = Debug|Any CPU
		{BDBF6C88-4C6C-4F79-A1C8-EDA7AF92FF90}.Release|Any CPU.ActiveCfg = Release|Any CPU
		{BDBF6C88-4C6C-4F79-A1C8-EDA7AF92FF90}.Release|Any CPU.Build.0 = Release|Any CPU
		{E9531BC1-5205-49AA-A2C8-3EC4F7593574}.Debug|Any CPU.ActiveCfg = Debug|Any CPU
		{E9531BC1-5205-49AA-A2C8-3EC4F7593574}.Debug|Any CPU.Build.0 = Debug|Any CPU
		{E9531BC1-5205-49AA-A2C8-3EC4F7593574}.Release|Any CPU.ActiveCfg = Release|Any CPU
		{E9531BC1-5205-49AA-A2C8-3EC4F7593574}.Release|Any CPU.Build.0 = Release|Any CPU
		{8CBF0A10-88A0-4074-B194-743A7BD72E0A}.Debug|Any CPU.ActiveCfg = Debug|Any CPU
		{8CBF0A10-88A0-4074-B194-743A7BD72E0A}.Debug|Any CPU.Build.0 = Debug|Any CPU
		{8CBF0A10-88A0-4074-B194-743A7BD72E0A}.Release|Any CPU.ActiveCfg = Release|Any CPU
		{8CBF0A10-88A0-4074-B194-743A7BD72E0A}.Release|Any CPU.Build.0 = Release|Any CPU
	EndGlobalSection
	GlobalSection(SolutionProperties) = preSolution
		HideSolutionNode = FALSE
	EndGlobalSection
	GlobalSection(ExtensibilityGlobals) = postSolution
		SolutionGuid = {78F21C07-31D4-4159-B69E-8148102BF1C2}
	EndGlobalSection
EndGlobal
